<?xml version="1.0" encoding="utf-8"?>
<Project ToolsVersion="4.0" xmlns="http://schemas.microsoft.com/developer/msbuild/2003">
  <ItemGroup>
    <Filter Include="Source Files">
      <UniqueIdentifier>{4FC737F1-C7A5-4376-A066-2A32D752A2FF}</UniqueIdentifier>
      <Extensions>cpp;c;cc;cxx;def;odl;idl;hpj;bat;asm;asmx</Extensions>
    </Filter>
    <Filter Include="Header Files">
      <UniqueIdentifier>{93995380-89BD-4b04-88EB-625FBE52EBFB}</UniqueIdentifier>
      <Extensions>h;hh;hpp;hxx;hm;inl;inc;xsd</Extensions>
    </Filter>
    <Filter Include="Resource Files">
      <UniqueIdentifier>{67DA6AB6-F800-4c08-8B7A-83BB121AAD01}</UniqueIdentifier>
      <Extensions>rc;ico;cur;bmp;dlg;rc2;rct;bin;rgs;gif;jpg;jpeg;jpe;resx;tiff;tif;png;wav;mfcribbon-ms</Extensions>
    </Filter>
    <Filter Include="Source Files\Edificios">
      <UniqueIdentifier>{d999e0a7-d392-4972-ad44-721b121a8513}</UniqueIdentifier>
    </Filter>
    <Filter Include="Source Files\Principal">
      <UniqueIdentifier>{177f2fa9-170e-4ac0-a44c-eb0f70574bf0}</UniqueIdentifier>
    </Filter>
    <Filter Include="Source Files\Terreno">
      <UniqueIdentifier>{b6a3a533-ec9a-4ba0-bb3d-dec240aaf441}</UniqueIdentifier>
    </Filter>
    <Filter Include="Source Files\Unidades">
      <UniqueIdentifier>{473465fe-7bfa-4431-9d23-f154d82e1033}</UniqueIdentifier>
    </Filter>
    <Filter Include="Source Files\Unidades\Características">
      <UniqueIdentifier>{ee1a6143-dbac-4ad7-a571-cc2e9ddc11b6}</UniqueIdentifier>
    </Filter>
  </ItemGroup>
  <ItemGroup>
    <ClInclude Include="Edificio.h">
      <Filter>Header Files</Filter>
    </ClInclude>
    <ClInclude Include="Castelo.h">
      <Filter>Header Files</Filter>
    </ClInclude>
    <ClInclude Include="Objeto.h">
      <Filter>Header Files</Filter>
    </ClInclude>
    <ClInclude Include="Celula.h">
      <Filter>Header Files</Filter>
    </ClInclude>
    <ClInclude Include="Consola.h">
      <Filter>Header Files</Filter>
    </ClInclude>
    <ClInclude Include="Terreno.h">
      <Filter>Header Files</Filter>
    </ClInclude>
    <ClInclude Include="Colonia.h">
      <Filter>Header Files</Filter>
    </ClInclude>
    <ClInclude Include="Ser.h">
      <Filter>Header Files</Filter>
    </ClInclude>
    <ClInclude Include="Mapa.h">
      <Filter>Header Files</Filter>
    </ClInclude>
    <ClInclude Include="Comando.h">
      <Filter>Header Files</Filter>
    </ClInclude>
    <ClInclude Include="Perfil.h">
      <Filter>Header Files</Filter>
    </ClInclude>
    <ClInclude Include="Caracteristica.h">
      <Filter>Header Files</Filter>
    </ClInclude>
    <ClInclude Include="Bandeira.h">
      <Filter>Header Files</Filter>
    </ClInclude>
    <ClInclude Include="Superior.h">
      <Filter>Header Files</Filter>
    </ClInclude>
    <ClInclude Include="PeleDura.h">
      <Filter>Header Files</Filter>
    </ClInclude>
    <ClInclude Include="Armadura.h">
      <Filter>Header Files</Filter>
    </ClInclude>
    <ClInclude Include="Faca.h">
      <Filter>Header Files</Filter>
    </ClInclude>
    <ClInclude Include="Espada.h">
      <Filter>Header Files</Filter>
    </ClInclude>
  </ItemGroup>
  <ItemGroup>
    <ClCompile Include="Castelo.cpp">
      <Filter>Source Files\Edificios</Filter>
    </ClCompile>
    <ClCompile Include="Edificio.cpp">
      <Filter>Source Files\Edificios</Filter>
    </ClCompile>
    <ClCompile Include="Objeto.cpp">
      <Filter>Source Files\Principal</Filter>
    </ClCompile>
    <ClCompile Include="Celula.cpp">
      <Filter>Source Files\Principal</Filter>
    </ClCompile>
    <ClCompile Include="Consola.cpp">
      <Filter>Source Files\Principal</Filter>
    </ClCompile>
    <ClCompile Include="Mapa.cpp">
      <Filter>Source Files\Principal</Filter>
    </ClCompile>
    <ClCompile Include="Terreno.cpp">
      <Filter>Source Files\Terreno</Filter>
    </ClCompile>
    <ClCompile Include="Comando.cpp">
      <Filter>Source Files\Principal</Filter>
    </ClCompile>
    <ClCompile Include="Ser.cpp">
      <Filter>Source Files\Unidades</Filter>
    </ClCompile>
    <ClCompile Include="Perfil.cpp">
      <Filter>Source Files\Unidades</Filter>
    </ClCompile>
    <ClCompile Include="Caracteristica.cpp">
      <Filter>Source Files\Unidades</Filter>
    </ClCompile>
    <ClCompile Include="Colonia.cpp">
      <Filter>Source Files\Principal</Filter>
    </ClCompile>
    <ClCompile Include="main.cpp">
      <Filter>Source Files\Principal</Filter>
    </ClCompile>
    <ClCompile Include="Armadura.cpp">
      <Filter>Source Files\Unidades\Características</Filter>
    </ClCompile>
    <ClCompile Include="Bandeira.cpp">
      <Filter>Source Files\Unidades\Características</Filter>
    </ClCompile>
    <ClCompile Include="Espada.cpp">
      <Filter>Source Files\Unidades\Características</Filter>
    </ClCompile>
    <ClCompile Include="Faca.cpp">
      <Filter>Source Files\Unidades\Características</Filter>
    </ClCompile>
    <ClCompile Include="PeleDura.cpp">
      <Filter>Source Files\Unidades\Características</Filter>
    </ClCompile>
    <ClCompile Include="Superior.cpp">
      <Filter>Source Files\Unidades\Características</Filter>
    </ClCompile>
  </ItemGroup>
</Project>